
Microsoft Visual Studio Solution File, Format Version 12.00
# Visual Studio Version 17
VisualStudioVersion = 17.5.002.0
MinimumVisualStudioVersion = 10.0.40219.1
Project("{2150E333-8FDC-42A3-9474-1A3956D46DE8}") = "KitX Website Backend", "KitX Website Backend", "{7F5DD801-36D3-4C19-A8DD-51EC4913A7C4}"
EndProject
Project("{FAE04EC0-301F-11D3-BF4B-00C04F79EFBC}") = "KitX Website Backend Api", "KitX Website Backend\KitX Website Backend Api\KitX Website Backend Api.csproj", "{351EA9CD-EB24-47DD-91D2-205DCE86EBE4}"
EndProject
Global
	GlobalSection(SolutionConfigurationPlatforms) = preSolution
		Debug|Any CPU = Debug|Any CPU
		Release|Any CPU = Release|Any CPU
	EndGlobalSection
	GlobalSection(ProjectConfigurationPlatforms) = postSolution
		{351EA9CD-EB24-47DD-91D2-205DCE86EBE4}.Debug|Any CPU.ActiveCfg = Debug|Any CPU
		{351EA9CD-EB24-47DD-91D2-205DCE86EBE4}.Debug|Any CPU.Build.0 = Debug|Any CPU
		{351EA9CD-EB24-47DD-91D2-205DCE86EBE4}.Release|Any CPU.ActiveCfg = Release|Any CPU
		{351EA9CD-EB24-47DD-91D2-205DCE86EBE4}.Release|Any CPU.Build.0 = Release|Any CPU
	EndGlobalSection
	GlobalSection(SolutionProperties) = preSolution
		HideSolutionNode = FALSE
	EndGlobalSection
	GlobalSection(ExtensibilityGlobals) = postSolution
		SolutionGuid = {DD4793C4-DEBC-4A00-ADDA-901D84CD7480}
	EndGlobalSection
	GlobalSection(NestedProjects) = preSolution
		{351EA9CD-EB24-47DD-91D2-205DCE86EBE4} = {7F5DD801-36D3-4C19-A8DD-51EC4913A7C4}
	EndGlobalSection
EndGlobal
